// !$*UTF8*$!
{
	archiveVersion = 1;
	classes = {
	};
	objectVersion = 46;
	objects = {

/* Begin PBXBuildFile section */
		65E152EA1CB711BF002BC8F5 /* Main.storyboard in Resources */ = {isa = PBXBuildFile; fileRef = 65E152E81CB711BF002BC8F5 /* Main.storyboard */; };
		65E152EC1CB7130F002BC8F5 /* PlotViewController.swift in Sources */ = {isa = PBXBuildFile; fileRef = 65E152EB1CB7130F002BC8F5 /* PlotViewController.swift */; };
		65EA026B1C97546400716BB6 /* AppDelegate.swift in Sources */ = {isa = PBXBuildFile; fileRef = 65EA026A1C97546400716BB6 /* AppDelegate.swift */; };
		65EA026D1C97546400716BB6 /* ViewController.swift in Sources */ = {isa = PBXBuildFile; fileRef = 65EA026C1C97546400716BB6 /* ViewController.swift */; };
		65EA02721C97546400716BB6 /* Assets.xcassets in Resources */ = {isa = PBXBuildFile; fileRef = 65EA02711C97546400716BB6 /* Assets.xcassets */; };
		65EA02751C97546400716BB6 /* LaunchScreen.storyboard in Resources */ = {isa = PBXBuildFile; fileRef = 65EA02731C97546400716BB6 /* LaunchScreen.storyboard */; };
		65EA02801C97546400716BB6 /* accelerometerTests.swift in Sources */ = {isa = PBXBuildFile; fileRef = 65EA027F1C97546400716BB6 /* accelerometerTests.swift */; };
		65EA028B1C97546400716BB6 /* accelerometerUITests.swift in Sources */ = {isa = PBXBuildFile; fileRef = 65EA028A1C97546400716BB6 /* accelerometerUITests.swift */; };
/* End PBXBuildFile section */

/* Begin PBXContainerItemProxy section */
		65EA027C1C97546400716BB6 /* PBXContainerItemProxy */ = {
			isa = PBXContainerItemProxy;
			containerPortal = 65EA025F1C97546400716BB6 /* Project object */;
			proxyType = 1;
			remoteGlobalIDString = 65EA02661C97546400716BB6;
			remoteInfo = accelerometer;
		};
		65EA02871C97546400716BB6 /* PBXContainerItemProxy */ = {
			isa = PBXContainerItemProxy;
			containerPortal = 65EA025F1C97546400716BB6 /* Project object */;
			proxyType = 1;
			remoteGlobalIDString = 65EA02661C97546400716BB6;
			remoteInfo = accelerometer;
		};
/* End PBXContainerItemProxy section */

/* Begin PBXFileReference section */
		65E152E91CB711BF002BC8F5 /* Base */ = {isa = PBXFileReference; lastKnownFileType = file.storyboard; name = Base; path = Base.lproj/Main.storyboard; sourceTree = "<group>"; };
		65E152EB1CB7130F002BC8F5 /* PlotViewController.swift */ = {isa = PBXFileReference; fileEncoding = 4; lastKnownFileType = sourcecode.swift; path = PlotViewController.swift; sourceTree = "<group>"; };
		65EA02671C97546400716BB6 /* accelerometer.app */ = {isa = PBXFileReference; explicitFileType = wrapper.application; includeInIndex = 0; path = accelerometer.app; sourceTree = BUILT_PRODUCTS_DIR; };
		65EA026A1C97546400716BB6 /* AppDelegate.swift */ = {isa = PBXFileReference; lastKnownFileType = sourcecode.swift; path = AppDelegate.swift; sourceTree = "<group>"; };
		65EA026C1C97546400716BB6 /* ViewController.swift */ = {isa = PBXFileReference; lastKnownFileType = sourcecode.swift; path = ViewController.swift; sourceTree = "<group>"; };
		65EA02711C97546400716BB6 /* Assets.xcassets */ = {isa = PBXFileReference; lastKnownFileType = folder.assetcatalog; path = Assets.xcassets; sourceTree = "<group>"; };
		65EA02741C97546400716BB6 /* Base */ = {isa = PBXFileReference; lastKnownFileType = file.storyboard; name = Base; path = Base.lproj/LaunchScreen.storyboard; sourceTree = "<group>"; };
		65EA02761C97546400716BB6 /* Info.plist */ = {isa = PBXFileReference; lastKnownFileType = text.plist.xml; path = Info.plist; sourceTree = "<group>"; };
		65EA027B1C97546400716BB6 /* accelerometerTests.xctest */ = {isa = PBXFileReference; explicitFileType = wrapper.cfbundle; includeInIndex = 0; path = accelerometerTests.xctest; sourceTree = BUILT_PRODUCTS_DIR; };
		65EA027F1C97546400716BB6 /* accelerometerTests.swift */ = {isa = PBXFileReference; lastKnownFileType = sourcecode.swift; path = accelerometerTests.swift; sourceTree = "<group>"; };
		65EA02811C97546400716BB6 /* Info.plist */ = {isa = PBXFileReference; lastKnownFileType = text.plist.xml; path = Info.plist; sourceTree = "<group>"; };
		65EA02861C97546400716BB6 /* accelerometerUITests.xctest */ = {isa = PBXFileReference; explicitFileType = wrapper.cfbundle; includeInIndex = 0; path = accelerometerUITests.xctest; sourceTree = BUILT_PRODUCTS_DIR; };
		65EA028A1C97546400716BB6 /* accelerometerUITests.swift */ = {isa = PBXFileReference; lastKnownFileType = sourcecode.swift; path = accelerometerUITests.swift; sourceTree = "<group>"; };
		65EA028C1C97546400716BB6 /* Info.plist */ = {isa = PBXFileReference; lastKnownFileType = text.plist.xml; path = Info.plist; sourceTree = "<group>"; };
/* End PBXFileReference section */

/* Begin PBXFrameworksBuildPhase section */
		65EA02641C97546400716BB6 /* Frameworks */ = {
			isa = PBXFrameworksBuildPhase;
			buildActionMask = 2147483647;
			files = (
			);
			runOnlyForDeploymentPostprocessing = 0;
		};
		65EA02781C97546400716BB6 /* Frameworks */ = {
			isa = PBXFrameworksBuildPhase;
			buildActionMask = 2147483647;
			files = (
			);
			runOnlyForDeploymentPostprocessing = 0;
		};
		65EA02831C97546400716BB6 /* Frameworks */ = {
			isa = PBXFrameworksBuildPhase;
			buildActionMask = 2147483647;
			files = (
			);
			runOnlyForDeploymentPostprocessing = 0;
		};
/* End PBXFrameworksBuildPhase section */

/* Begin PBXGroup section */
		65EA025E1C97546400716BB6 = {
			isa = PBXGroup;
			children = (
				65EA02691C97546400716BB6 /* accelerometer */,
				65EA027E1C97546400716BB6 /* accelerometerTests */,
				65EA02891C97546400716BB6 /* accelerometerUITests */,
				65EA02681C97546400716BB6 /* Products */,
			);
			sourceTree = "<group>";
		};
		65EA02681C97546400716BB6 /* Products */ = {
			isa = PBXGroup;
			children = (
				65EA02671C97546400716BB6 /* accelerometer.app */,
				65EA027B1C97546400716BB6 /* accelerometerTests.xctest */,
				65EA02861C97546400716BB6 /* accelerometerUITests.xctest */,
			);
			name = Products;
			sourceTree = "<group>";
		};
		65EA02691C97546400716BB6 /* accelerometer */ = {
			isa = PBXGroup;
			children = (
				65EA026A1C97546400716BB6 /* AppDelegate.swift */,
				65EA026C1C97546400716BB6 /* ViewController.swift */,
				65EA02711C97546400716BB6 /* Assets.xcassets */,
				65EA02731C97546400716BB6 /* LaunchScreen.storyboard */,
				65E152E81CB711BF002BC8F5 /* Main.storyboard */,
				65E152EB1CB7130F002BC8F5 /* PlotViewController.swift */,
				65EA02761C97546400716BB6 /* Info.plist */,
			);
			path = accelerometer;
			sourceTree = "<group>";
		};
		65EA027E1C97546400716BB6 /* accelerometerTests */ = {
			isa = PBXGroup;
			children = (
				65EA027F1C97546400716BB6 /* accelerometerTests.swift */,
				65EA02811C97546400716BB6 /* Info.plist */,
			);
			path = accelerometerTests;
			sourceTree = "<group>";
		};
		65EA02891C97546400716BB6 /* accelerometerUITests */ = {
			isa = PBXGroup;
			children = (
				65EA028A1C97546400716BB6 /* accelerometerUITests.swift */,
				65EA028C1C97546400716BB6 /* Info.plist */,
			);
			path = accelerometerUITests;
			sourceTree = "<group>";
		};
/* End PBXGroup section */

/* Begin PBXNativeTarget section */
		65EA02661C97546400716BB6 /* accelerometer */ = {
			isa = PBXNativeTarget;
			buildConfigurationList = 65EA028F1C97546400716BB6 /* Build configuration list for PBXNativeTarget "accelerometer" */;
			buildPhases = (
				65EA02631C97546400716BB6 /* Sources */,
				65EA02641C97546400716BB6 /* Frameworks */,
				65EA02651C97546400716BB6 /* Resources */,
			);
			buildRules = (
			);
			dependencies = (
			);
			name = accelerometer;
			productName = accelerometer;
			productReference = 65EA02671C97546400716BB6 /* accelerometer.app */;
			productType = "com.apple.product-type.application";
		};
		65EA027A1C97546400716BB6 /* accelerometerTests */ = {
			isa = PBXNativeTarget;
			buildConfigurationList = 65EA02921C97546400716BB6 /* Build configuration list for PBXNativeTarget "accelerometerTests" */;
			buildPhases = (
				65EA02771C97546400716BB6 /* Sources */,
				65EA02781C97546400716BB6 /* Frameworks */,
				65EA02791C97546400716BB6 /* Resources */,
			);
			buildRules = (
			);
			dependencies = (
				65EA027D1C97546400716BB6 /* PBXTargetDependency */,
			);
			name = accelerometerTests;
			productName = accelerometerTests;
			productReference = 65EA027B1C97546400716BB6 /* accelerometerTests.xctest */;
			productType = "com.apple.product-type.bundle.unit-test";
		};
		65EA02851C97546400716BB6 /* accelerometerUITests */ = {
			isa = PBXNativeTarget;
			buildConfigurationList = 65EA02951C97546400716BB6 /* Build configuration list for PBXNativeTarget "accelerometerUITests" */;
			buildPhases = (
				65EA02821C97546400716BB6 /* Sources */,
				65EA02831C97546400716BB6 /* Frameworks */,
				65EA02841C97546400716BB6 /* Resources */,
			);
			buildRules = (
			);
			dependencies = (
				65EA02881C97546400716BB6 /* PBXTargetDependency */,
			);
			name = accelerometerUITests;
			productName = accelerometerUITests;
			productReference = 65EA02861C97546400716BB6 /* accelerometerUITests.xctest */;
			productType = "com.apple.product-type.bundle.ui-testing";
		};
/* End PBXNativeTarget section */

/* Begin PBXProject section */
		65EA025F1C97546400716BB6 /* Project object */ = {
			isa = PBXProject;
			attributes = {
				LastSwiftUpdateCheck = 0720;
				LastUpgradeCheck = 0720;
				ORGANIZATIONNAME = Fay;
				TargetAttributes = {
					65EA02661C97546400716BB6 = {
						CreatedOnToolsVersion = 7.2.1;
						DevelopmentTeam = 496QY67BB6;
					};
					65EA027A1C97546400716BB6 = {
						CreatedOnToolsVersion = 7.2.1;
						DevelopmentTeam = BT32V2XA35;
						TestTargetID = 65EA02661C97546400716BB6;
					};
					65EA02851C97546400716BB6 = {
						CreatedOnToolsVersion = 7.2.1;
						DevelopmentTeam = BT32V2XA35;
						TestTargetID = 65EA02661C97546400716BB6;
					};
				};
			};
			buildConfigurationList = 65EA02621C97546400716BB6 /* Build configuration list for PBXProject "accelerometer" */;
			compatibilityVersion = "Xcode 3.2";
			developmentRegion = English;
			hasScannedForEncodings = 0;
			knownRegions = (
				en,
				Base,
			);
			mainGroup = 65EA025E1C97546400716BB6;
			productRefGroup = 65EA02681C97546400716BB6 /* Products */;
			projectDirPath = "";
			projectRoot = "";
			targets = (
				65EA02661C97546400716BB6 /* accelerometer */,
				65EA027A1C97546400716BB6 /* accelerometerTests */,
				65EA02851C97546400716BB6 /* accelerometerUITests */,
			);
		};
/* End PBXProject section */

/* Begin PBXResourcesBuildPhase section */
		65EA02651C97546400716BB6 /* Resources */ = {
			isa = PBXResourcesBuildPhase;
			buildActionMask = 2147483647;
			files = (
				65E152EA1CB711BF002BC8F5 /* Main.storyboard in Resources */,
				65EA02751C97546400716BB6 /* LaunchScreen.storyboard in Resources */,
				65EA02721C97546400716BB6 /* Assets.xcassets in Resources */,
			);
			runOnlyForDeploymentPostprocessing = 0;
		};
		65EA02791C97546400716BB6 /* Resources */ = {
			isa = PBXResourcesBuildPhase;
			buildActionMask = 2147483647;
			files = (
			);
			runOnlyForDeploymentPostprocessing = 0;
		};
		65EA02841C97546400716BB6 /* Resources */ = {
			isa = PBXResourcesBuildPhase;
			buildActionMask = 2147483647;
			files = (
			);
			runOnlyForDeploymentPostprocessing = 0;
		};
/* End PBXResourcesBuildPhase section */

/* Begin PBXSourcesBuildPhase section */
		65EA02631C97546400716BB6 /* Sources */ = {
			isa = PBXSourcesBuildPhase;
			buildActionMask = 2147483647;
			files = (
				65EA026D1C97546400716BB6 /* ViewController.swift in Sources */,
				65E152EC1CB7130F002BC8F5 /* PlotViewController.swift in Sources */,
				65EA026B1C97546400716BB6 /* AppDelegate.swift in Sources */,
			);
			runOnlyForDeploymentPostprocessing = 0;
		};
		65EA02771C97546400716BB6 /* Sources */ = {
			isa = PBXSourcesBuildPhase;
			buildActionMask = 2147483647;
			files = (
				65EA02801C97546400716BB6 /* accelerometerTests.swift in Sources */,
			);
			runOnlyForDeploymentPostprocessing = 0;
		};
		65EA02821C97546400716BB6 /* Sources */ = {
			isa = PBXSourcesBuildPhase;
			buildActionMask = 2147483647;
			files = (
				65EA028B1C97546400716BB6 /* accelerometerUITests.swift in Sources */,
			);
			runOnlyForDeploymentPostprocessing = 0;
		};
/* End PBXSourcesBuildPhase section */

/* Begin PBXTargetDependency section */
		65EA027D1C97546400716BB6 /* PBXTargetDependency */ = {
			isa = PBXTargetDependency;
			target = 65EA02661C97546400716BB6 /* accelerometer */;
			targetProxy = 65EA027C1C97546400716BB6 /* PBXContainerItemProxy */;
		};
		65EA02881C97546400716BB6 /* PBXTargetDependency */ = {
			isa = PBXTargetDependency;
			target = 65EA02661C97546400716BB6 /* accelerometer */;
			targetProxy = 65EA02871C97546400716BB6 /* PBXContainerItemProxy */;
		};
/* End PBXTargetDependency section */

/* Begin PBXVariantGroup section */
		65E152E81CB711BF002BC8F5 /* Main.storyboard */ = {
			isa = PBXVariantGroup;
			children = (
				65E152E91CB711BF002BC8F5 /* Base */,
			);
			name = Main.storyboard;
			sourceTree = "<group>";
		};
		65EA02731C97546400716BB6 /* LaunchScreen.storyboard */ = {
			isa = PBXVariantGroup;
			children = (
				65EA02741C97546400716BB6 /* Base */,
			);
			name = LaunchScreen.storyboard;
			sourceTree = "<group>";
		};
/* End PBXVariantGroup section */

/* Begin XCBuildConfiguration section */
		65EA028D1C97546400716BB6 /* Debug */ = {
			isa = XCBuildConfiguration;
			buildSettings = {
				ALWAYS_SEARCH_USER_PATHS = NO;
				CLANG_CXX_LANGUAGE_STANDARD = "gnu++0x";
				CLANG_CXX_LIBRARY = "libc++";
				CLANG_ENABLE_MODULES = YES;
				CLANG_ENABLE_OBJC_ARC = YES;
				CLANG_WARN_BOOL_CONVERSION = YES;
				CLANG_WARN_CONSTANT_CONVERSION = YES;
				CLANG_WARN_DIRECT_OBJC_ISA_USAGE = YES_ERROR;
				CLANG_WARN_EMPTY_BODY = YES;
				CLANG_WARN_ENUM_CONVERSION = YES;
				CLANG_WARN_INT_CONVERSION = YES;
				CLANG_WARN_OBJC_ROOT_CLASS = YES_ERROR;
				CLANG_WARN_UNREACHABLE_CODE = YES;
				CLANG_WARN__DUPLICATE_METHOD_MATCH = YES;
				"CODE_SIGN_IDENTITY[sdk=iphoneos*]" = "iPhone Developer";
				COPY_PHASE_STRIP = NO;
				DEBUG_INFORMATION_FORMAT = dwarf;
				ENABLE_STRICT_OBJC_MSGSEND = YES;
				ENABLE_TESTABILITY = YES;
				GCC_C_LANGUAGE_STANDARD = gnu99;
				GCC_DYNAMIC_NO_PIC = NO;
				GCC_NO_COMMON_BLOCKS = YES;
				GCC_OPTIMIZATION_LEVEL = 0;
				GCC_PREPROCESSOR_DEFINITIONS = (
					"DEBUG=1",
					"$(inherited)",
				);
				GCC_WARN_64_TO_32_BIT_CONVERSION = YES;
				GCC_WARN_ABOUT_RETURN_TYPE = YES_ERROR;
				GCC_WARN_UNDECLARED_SELECTOR = YES;
				GCC_WARN_UNINITIALIZED_AUTOS = YES_AGGRESSIVE;
				GCC_WARN_UNUSED_FUNCTION = YES;
				GCC_WARN_UNUSED_VARIABLE = YES;
				IPHONEOS_DEPLOYMENT_TARGET = 9.2;
				MTL_ENABLE_DEBUG_INFO = YES;
				ONLY_ACTIVE_ARCH = YES;
				SDKROOT = iphoneos;
				SWIFT_OPTIMIZATION_LEVEL = "-Onone";
			};
			name = Debug;
		};
		65EA028E1C97546400716BB6 /* Release */ = {
			isa = XCBuildConfiguration;
			buildSettings = {
				ALWAYS_SEARCH_USER_PATHS = NO;
				CLANG_CXX_LANGUAGE_STANDARD = "gnu++0x";
				CLANG_CXX_LIBRARY = "libc++";
				CLANG_ENABLE_MODULES = YES;
				CLANG_ENABLE_OBJC_ARC = YES;
				CLANG_WARN_BOOL_CONVERSION = YES;
				CLANG_WARN_CONSTANT_CONVERSION = YES;
				CLANG_WARN_DIRECT_OBJC_ISA_USAGE = YES_ERROR;
				CLANG_WARN_EMPTY_BODY = YES;
				CLANG_WARN_ENUM_CONVERSION = YES;
				CLANG_WARN_INT_CONVERSION = YES;
				CLANG_WARN_OBJC_ROOT_CLASS = YES_ERROR;
				CLANG_WARN_UNREACHABLE_CODE = YES;
				CLANG_WARN__DUPLICATE_METHOD_MATCH = YES;
				"CODE_SIGN_IDENTITY[sdk=iphoneos*]" = "iPhone Developer";
				COPY_PHASE_STRIP = NO;
				DEBUG_INFORMATION_FORMAT = "dwarf-with-dsym";
				ENABLE_NS_ASSERTIONS = NO;
				ENABLE_STRICT_OBJC_MSGSEND = YES;
				GCC_C_LANGUAGE_STANDARD = gnu99;
				GCC_NO_COMMON_BLOCKS = YES;
				GCC_WARN_64_TO_32_BIT_CONVERSION = YES;
				GCC_WARN_ABOUT_RETURN_TYPE = YES_ERROR;
				GCC_WARN_UNDECLARED_SELECTOR = YES;
				GCC_WARN_UNINITIALIZED_AUTOS = YES_AGGRESSIVE;
				GCC_WARN_UNUSED_FUNCTION = YES;
				GCC_WARN_UNUSED_VARIABLE = YES;
				IPHONEOS_DEPLOYMENT_TARGET = 9.2;
				MTL_ENABLE_DEBUG_INFO = NO;
				SDKROOT = iphoneos;
				VALIDATE_PRODUCT = YES;
			};
			name = Release;
		};
		65EA02901C97546400716BB6 /* Debug */ = {
			isa = XCBuildConfiguration;
			buildSettings = {
				ASSETCATALOG_COMPILER_APPICON_NAME = AppIcon;
				CODE_SIGN_IDENTITY = "iPhone Developer";
				"CODE_SIGN_IDENTITY[sdk=iphoneos*]" = "iPhone Developer";
				INFOPLIST_FILE = accelerometer/Info.plist;
				IPHONEOS_DEPLOYMENT_TARGET = 9.2;
				LD_RUNPATH_SEARCH_PATHS = "$(inherited) @executable_path/Frameworks";
				PRODUCT_BUNDLE_IDENTIFIER = com.fay.accelerometer;
				PRODUCT_NAME = "$(TARGET_NAME)";
				PROVISIONING_PROFILE = "";
			};
			name = Debug;
		};
		65EA02911C97546400716BB6 /* Release */ = {
			isa = XCBuildConfiguration;
			buildSettings = {
				ASSETCATALOG_COMPILER_APPICON_NAME = AppIcon;
				CODE_SIGN_IDENTITY = "iPhone Developer";
				"CODE_SIGN_IDENTITY[sdk=iphoneos*]" = "iPhone Developer";
				INFOPLIST_FILE = accelerometer/Info.plist;
				IPHONEOS_DEPLOYMENT_TARGET = 9.2;
				LD_RUNPATH_SEARCH_PATHS = "$(inherited) @executable_path/Frameworks";
				PRODUCT_BUNDLE_IDENTIFIER = com.fay.accelerometer;
				PRODUCT_NAME = "$(TARGET_NAME)";
				PROVISIONING_PROFILE = "";
			};
			name = Release;
		};
		65EA02931C97546400716BB6 /* Debug */ = {
			isa = XCBuildConfiguration;
			buildSettings = {
				BUNDLE_LOADER = "$(TEST_HOST)";
				INFOPLIST_FILE = accelerometerTests/Info.plist;
				LD_RUNPATH_SEARCH_PATHS = "$(inherited) @executable_path/Frameworks @loader_path/Frameworks";
				PRODUCT_BUNDLE_IDENTIFIER = fay.accelerometerTests;
				PRODUCT_NAME = "$(TARGET_NAME)";
				TEST_HOST = "$(BUILT_PRODUCTS_DIR)/accelerometer.app/accelerometer";
			};
			name = Debug;
		};
		65EA02941C97546400716BB6 /* Release */ = {
			isa = XCBuildConfiguration;
			buildSettings = {
				BUNDLE_LOADER = "$(TEST_HOST)";
				INFOPLIST_FILE = accelerometerTests/Info.plist;
				LD_RUNPATH_SEARCH_PATHS = "$(inherited) @executable_path/Frameworks @loader_path/Frameworks";
				PRODUCT_BUNDLE_IDENTIFIER = fay.accelerometerTests;
				PRODUCT_NAME = "$(TARGET_NAME)";
				TEST_HOST = "$(BUILT_PRODUCTS_DIR)/accelerometer.app/accelerometer";
			};
			name = Release;
		};
		65EA02961C97546400716BB6 /* Debug */ = {
			isa = XCBuildConfiguration;
			buildSettings = {
				INFOPLIST_FILE = accelerometerUITests/Info.plist;
				LD_RUNPATH_SEARCH_PATHS = "$(inherited) @executable_path/Frameworks @loader_path/Frameworks";
				PRODUCT_BUNDLE_IDENTIFIER = fay.accelerometerUITests;
				PRODUCT_NAME = "$(TARGET_NAME)";
				TEST_TARGET_NAME = accelerometer;
				USES_XCTRUNNER = YES;
			};
			name = Debug;
		};
		65EA02971C97546400716BB6 /* Release */ = {
			isa = XCBuildConfiguration;
			buildSettings = {
				INFOPLIST_FILE = accelerometerUITests/Info.plist;
				LD_RUNPATH_SEARCH_PATHS = "$(inherited) @executable_path/Frameworks @loader_path/Frameworks";
				PRODUCT_BUNDLE_IDENTIFIER = fay.accelerometerUITests;
				PRODUCT_NAME = "$(TARGET_NAME)";
				TEST_TARGET_NAME = accelerometer;
				USES_XCTRUNNER = YES;
			};
			name = Release;
		};
/* End XCBuildConfiguration section */

/* Begin XCConfigurationList section */
		65EA02621C97546400716BB6 /* Build configuration list for PBXProject "accelerometer" */ = {
			isa = XCConfigurationList;
			buildConfigurations = (
				65EA028D1C97546400716BB6 /* Debug */,
				65EA028E1C97546400716BB6 /* Release */,
			);
			defaultConfigurationIsVisible = 0;
			defaultConfigurationName = Release;
		};
		65EA028F1C97546400716BB6 /* Build configuration list for PBXNativeTarget "accelerometer" */ = {
			isa = XCConfigurationList;
			buildConfigurations = (
				65EA02901C97546400716BB6 /* Debug */,
				65EA02911C97546400716BB6 /* Release */,
			);
			defaultConfigurationIsVisible = 0;
			defaultConfigurationName = Release;
		};
		65EA02921C97546400716BB6 /* Build configuration list for PBXNativeTarget "accelerometerTests" */ = {
			isa = XCConfigurationList;
			buildConfigurations = (
				65EA02931C97546400716BB6 /* Debug */,
				65EA02941C97546400716BB6 /* Release */,
			);
			defaultConfigurationIsVisible = 0;
			defaultConfigurationName = Release;
		};
		65EA02951C97546400716BB6 /* Build configuration list for PBXNativeTarget "accelerometerUITests" */ = {
			isa = XCConfigurationList;
			buildConfigurations = (
				65EA02961C97546400716BB6 /* Debug */,
				65EA02971C97546400716BB6 /* Release */,
			);
			defaultConfigurationIsVisible = 0;
			defaultConfigurationName = Release;
		};
/* End XCConfigurationList section */
	};
	rootObject = 65EA025F1C97546400716BB6 /* Project object */;
}
